// !$*UTF8*$!
{
	archiveVersion = 1;
	classes = {
	};
	objectVersion = 46;
	objects = {

/* Begin PBXBuildFile section */
		3C4131D41E558BC700515AA8 /* AppDelegate.m in Sources */ = {isa = PBXBuildFile; fileRef = 3C4131D31E558BC700515AA8 /* AppDelegate.m */; };
		3C4131DA1E558BC700515AA8 /* Main.storyboard in Resources */ = {isa = PBXBuildFile; fileRef = 3C4131D81E558BC700515AA8 /* Main.storyboard */; };
		3C4131DC1E558BC700515AA8 /* Assets.xcassets in Resources */ = {isa = PBXBuildFile; fileRef = 3C4131DB1E558BC700515AA8 /* Assets.xcassets */; };
		3C4131DF1E558BC700515AA8 /* LaunchScreen.storyboard in Resources */ = {isa = PBXBuildFile; fileRef = 3C4131DD1E558BC700515AA8 /* LaunchScreen.storyboard */; };
		3C71F7141E56D24400D3DB4E /* MainViewController.m in Sources */ = {isa = PBXBuildFile; fileRef = 3C71F7131E56D24400D3DB4E /* MainViewController.m */; };
		3C71F7171E56D40400D3DB4E /* MainViewCell.m in Sources */ = {isa = PBXBuildFile; fileRef = 3C71F7161E56D40400D3DB4E /* MainViewCell.m */; };
		3C71F71F1E56DA2100D3DB4E /* KSTableView.m in Sources */ = {isa = PBXBuildFile; fileRef = 3C71F71A1E56DA2000D3DB4E /* KSTableView.m */; };
		3C71F7201E56DA2100D3DB4E /* KSTableViewCell.m in Sources */ = {isa = PBXBuildFile; fileRef = 3C71F71C1E56DA2000D3DB4E /* KSTableViewCell.m */; };
		3C71F7211E56DA2100D3DB4E /* KSTableViewController.m in Sources */ = {isa = PBXBuildFile; fileRef = 3C71F71E1E56DA2100D3DB4E /* KSTableViewController.m */; };
		3C71F72A1E56DA6800D3DB4E /* Info.plist in Resources */ = {isa = PBXBuildFile; fileRef = 3C71F7281E56DA6800D3DB4E /* Info.plist */; };
		3C71F72B1E56DA6800D3DB4E /* main.m in Sources */ = {isa = PBXBuildFile; fileRef = 3C71F7291E56DA6800D3DB4E /* main.m */; };
		3CB2B34A1E5DA00D00B55DA5 /* KSRedPacketController.m in Sources */ = {isa = PBXBuildFile; fileRef = 3CB2B3491E5DA00D00B55DA5 /* KSRedPacketController.m */; };
		3CB2B3661E5DA46900B55DA5 /* MASCompositeConstraint.m in Sources */ = {isa = PBXBuildFile; fileRef = 3CB2B34E1E5DA46900B55DA5 /* MASCompositeConstraint.m */; };
		3CB2B3671E5DA46900B55DA5 /* MASConstraint.m in Sources */ = {isa = PBXBuildFile; fileRef = 3CB2B3511E5DA46900B55DA5 /* MASConstraint.m */; };
		3CB2B3681E5DA46900B55DA5 /* MASConstraintMaker.m in Sources */ = {isa = PBXBuildFile; fileRef = 3CB2B3531E5DA46900B55DA5 /* MASConstraintMaker.m */; };
		3CB2B3691E5DA46900B55DA5 /* MASLayoutConstraint.m in Sources */ = {isa = PBXBuildFile; fileRef = 3CB2B3551E5DA46900B55DA5 /* MASLayoutConstraint.m */; };
		3CB2B36A1E5DA46900B55DA5 /* MASViewAttribute.m in Sources */ = {isa = PBXBuildFile; fileRef = 3CB2B3591E5DA46900B55DA5 /* MASViewAttribute.m */; };
		3CB2B36B1E5DA46900B55DA5 /* MASViewConstraint.m in Sources */ = {isa = PBXBuildFile; fileRef = 3CB2B35B1E5DA46900B55DA5 /* MASViewConstraint.m */; };
		3CB2B36C1E5DA46900B55DA5 /* NSArray+MASAdditions.m in Sources */ = {isa = PBXBuildFile; fileRef = 3CB2B35D1E5DA46900B55DA5 /* NSArray+MASAdditions.m */; };
		3CB2B36D1E5DA46900B55DA5 /* NSLayoutConstraint+MASDebugAdditions.m in Sources */ = {isa = PBXBuildFile; fileRef = 3CB2B3601E5DA46900B55DA5 /* NSLayoutConstraint+MASDebugAdditions.m */; };
		3CB2B36E1E5DA46900B55DA5 /* View+MASAdditions.m in Sources */ = {isa = PBXBuildFile; fileRef = 3CB2B3621E5DA46900B55DA5 /* View+MASAdditions.m */; };
		3CB2B36F1E5DA46900B55DA5 /* ViewController+MASAdditions.m in Sources */ = {isa = PBXBuildFile; fileRef = 3CB2B3651E5DA46900B55DA5 /* ViewController+MASAdditions.m */; };
/* End PBXBuildFile section */

/* Begin PBXFileReference section */
		3C4131CC1E558BC700515AA8 /* KSTableView.app */ = {isa = PBXFileReference; explicitFileType = wrapper.application; includeInIndex = 0; path = KSTableView.app; sourceTree = BUILT_PRODUCTS_DIR; };
		3C4131D21E558BC700515AA8 /* AppDelegate.h */ = {isa = PBXFileReference; lastKnownFileType = sourcecode.c.h; path = AppDelegate.h; sourceTree = "<group>"; };
		3C4131D31E558BC700515AA8 /* AppDelegate.m */ = {isa = PBXFileReference; lastKnownFileType = sourcecode.c.objc; path = AppDelegate.m; sourceTree = "<group>"; };
		3C4131D91E558BC700515AA8 /* Base */ = {isa = PBXFileReference; lastKnownFileType = file.storyboard; name = Base; path = Base.lproj/Main.storyboard; sourceTree = "<group>"; };
		3C4131DB1E558BC700515AA8 /* Assets.xcassets */ = {isa = PBXFileReference; lastKnownFileType = folder.assetcatalog; path = Assets.xcassets; sourceTree = "<group>"; };
		3C4131DE1E558BC700515AA8 /* Base */ = {isa = PBXFileReference; lastKnownFileType = file.storyboard; name = Base; path = Base.lproj/LaunchScreen.storyboard; sourceTree = "<group>"; };
		3C71F7121E56D24400D3DB4E /* MainViewController.h */ = {isa = PBXFileReference; fileEncoding = 4; lastKnownFileType = sourcecode.c.h; path = MainViewController.h; sourceTree = "<group>"; };
		3C71F7131E56D24400D3DB4E /* MainViewController.m */ = {isa = PBXFileReference; fileEncoding = 4; lastKnownFileType = sourcecode.c.objc; path = MainViewController.m; sourceTree = "<group>"; };
		3C71F7151E56D40400D3DB4E /* MainViewCell.h */ = {isa = PBXFileReference; fileEncoding = 4; lastKnownFileType = sourcecode.c.h; path = MainViewCell.h; sourceTree = "<group>"; };
		3C71F7161E56D40400D3DB4E /* MainViewCell.m */ = {isa = PBXFileReference; fileEncoding = 4; lastKnownFileType = sourcecode.c.objc; path = MainViewCell.m; sourceTree = "<group>"; };
		3C71F7191E56DA2000D3DB4E /* KSTableView.h */ = {isa = PBXFileReference; fileEncoding = 4; lastKnownFileType = sourcecode.c.h; path = KSTableView.h; sourceTree = "<group>"; };
		3C71F71A1E56DA2000D3DB4E /* KSTableView.m */ = {isa = PBXFileReference; fileEncoding = 4; lastKnownFileType = sourcecode.c.objc; path = KSTableView.m; sourceTree = "<group>"; };
		3C71F71B1E56DA2000D3DB4E /* KSTableViewCell.h */ = {isa = PBXFileReference; fileEncoding = 4; lastKnownFileType = sourcecode.c.h; path = KSTableViewCell.h; sourceTree = "<group>"; };
		3C71F71C1E56DA2000D3DB4E /* KSTableViewCell.m */ = {isa = PBXFileReference; fileEncoding = 4; lastKnownFileType = sourcecode.c.objc; path = KSTableViewCell.m; sourceTree = "<group>"; };
		3C71F71D1E56DA2000D3DB4E /* KSTableViewController.h */ = {isa = PBXFileReference; fileEncoding = 4; lastKnownFileType = sourcecode.c.h; path = KSTableViewController.h; sourceTree = "<group>"; };
		3C71F71E1E56DA2100D3DB4E /* KSTableViewController.m */ = {isa = PBXFileReference; fileEncoding = 4; lastKnownFileType = sourcecode.c.objc; path = KSTableViewController.m; sourceTree = "<group>"; };
		3C71F7281E56DA6800D3DB4E /* Info.plist */ = {isa = PBXFileReference; fileEncoding = 4; lastKnownFileType = text.plist.xml; path = Info.plist; sourceTree = "<group>"; };
		3C71F7291E56DA6800D3DB4E /* main.m */ = {isa = PBXFileReference; fileEncoding = 4; lastKnownFileType = sourcecode.c.objc; path = main.m; sourceTree = "<group>"; };
		3CB2B3481E5DA00D00B55DA5 /* KSRedPacketController.h */ = {isa = PBXFileReference; fileEncoding = 4; lastKnownFileType = sourcecode.c.h; path = KSRedPacketController.h; sourceTree = "<group>"; };
		3CB2B3491E5DA00D00B55DA5 /* KSRedPacketController.m */ = {isa = PBXFileReference; fileEncoding = 4; lastKnownFileType = sourcecode.c.objc; path = KSRedPacketController.m; sourceTree = "<group>"; };
		3CB2B34D1E5DA46900B55DA5 /* MASCompositeConstraint.h */ = {isa = PBXFileReference; fileEncoding = 4; lastKnownFileType = sourcecode.c.h; path = MASCompositeConstraint.h; sourceTree = "<group>"; };
		3CB2B34E1E5DA46900B55DA5 /* MASCompositeConstraint.m */ = {isa = PBXFileReference; fileEncoding = 4; lastKnownFileType = sourcecode.c.objc; path = MASCompositeConstraint.m; sourceTree = "<group>"; };
		3CB2B34F1E5DA46900B55DA5 /* MASConstraint+Private.h */ = {isa = PBXFileReference; fileEncoding = 4; lastKnownFileType = sourcecode.c.h; path = "MASConstraint+Private.h"; sourceTree = "<group>"; };
		3CB2B3501E5DA46900B55DA5 /* MASConstraint.h */ = {isa = PBXFileReference; fileEncoding = 4; lastKnownFileType = sourcecode.c.h; path = MASConstraint.h; sourceTree = "<group>"; };
		3CB2B3511E5DA46900B55DA5 /* MASConstraint.m */ = {isa = PBXFileReference; fileEncoding = 4; lastKnownFileType = sourcecode.c.objc; path = MASConstraint.m; sourceTree = "<group>"; };
		3CB2B3521E5DA46900B55DA5 /* MASConstraintMaker.h */ = {isa = PBXFileReference; fileEncoding = 4; lastKnownFileType = sourcecode.c.h; path = MASConstraintMaker.h; sourceTree = "<group>"; };
		3CB2B3531E5DA46900B55DA5 /* MASConstraintMaker.m */ = {isa = PBXFileReference; fileEncoding = 4; lastKnownFileType = sourcecode.c.objc; path = MASConstraintMaker.m; sourceTree = "<group>"; };
		3CB2B3541E5DA46900B55DA5 /* MASLayoutConstraint.h */ = {isa = PBXFileReference; fileEncoding = 4; lastKnownFileType = sourcecode.c.h; path = MASLayoutConstraint.h; sourceTree = "<group>"; };
		3CB2B3551E5DA46900B55DA5 /* MASLayoutConstraint.m */ = {isa = PBXFileReference; fileEncoding = 4; lastKnownFileType = sourcecode.c.objc; path = MASLayoutConstraint.m; sourceTree = "<group>"; };
		3CB2B3561E5DA46900B55DA5 /* Masonry.h */ = {isa = PBXFileReference; fileEncoding = 4; lastKnownFileType = sourcecode.c.h; path = Masonry.h; sourceTree = "<group>"; };
		3CB2B3571E5DA46900B55DA5 /* MASUtilities.h */ = {isa = PBXFileReference; fileEncoding = 4; lastKnownFileType = sourcecode.c.h; path = MASUtilities.h; sourceTree = "<group>"; };
		3CB2B3581E5DA46900B55DA5 /* MASViewAttribute.h */ = {isa = PBXFileReference; fileEncoding = 4; lastKnownFileType = sourcecode.c.h; path = MASViewAttribute.h; sourceTree = "<group>"; };
		3CB2B3591E5DA46900B55DA5 /* MASViewAttribute.m */ = {isa = PBXFileReference; fileEncoding = 4; lastKnownFileType = sourcecode.c.objc; path = MASViewAttribute.m; sourceTree = "<group>"; };
		3CB2B35A1E5DA46900B55DA5 /* MASViewConstraint.h */ = {isa = PBXFileReference; fileEncoding = 4; lastKnownFileType = sourcecode.c.h; path = MASViewConstraint.h; sourceTree = "<group>"; };
		3CB2B35B1E5DA46900B55DA5 /* MASViewConstraint.m */ = {isa = PBXFileReference; fileEncoding = 4; lastKnownFileType = sourcecode.c.objc; path = MASViewConstraint.m; sourceTree = "<group>"; };
		3CB2B35C1E5DA46900B55DA5 /* NSArray+MASAdditions.h */ = {isa = PBXFileReference; fileEncoding = 4; lastKnownFileType = sourcecode.c.h; path = "NSArray+MASAdditions.h"; sourceTree = "<group>"; };
		3CB2B35D1E5DA46900B55DA5 /* NSArray+MASAdditions.m */ = {isa = PBXFileReference; fileEncoding = 4; lastKnownFileType = sourcecode.c.objc; path = "NSArray+MASAdditions.m"; sourceTree = "<group>"; };
		3CB2B35E1E5DA46900B55DA5 /* NSArray+MASShorthandAdditions.h */ = {isa = PBXFileReference; fileEncoding = 4; lastKnownFileType = sourcecode.c.h; path = "NSArray+MASShorthandAdditions.h"; sourceTree = "<group>"; };
		3CB2B35F1E5DA46900B55DA5 /* NSLayoutConstraint+MASDebugAdditions.h */ = {isa = PBXFileReference; fileEncoding = 4; lastKnownFileType = sourcecode.c.h; path = "NSLayoutConstraint+MASDebugAdditions.h"; sourceTree = "<group>"; };
		3CB2B3601E5DA46900B55DA5 /* NSLayoutConstraint+MASDebugAdditions.m */ = {isa = PBXFileReference; fileEncoding = 4; lastKnownFileType = sourcecode.c.objc; path = "NSLayoutConstraint+MASDebugAdditions.m"; sourceTree = "<group>"; };
		3CB2B3611E5DA46900B55DA5 /* View+MASAdditions.h */ = {isa = PBXFileReference; fileEncoding = 4; lastKnownFileType = sourcecode.c.h; path = "View+MASAdditions.h"; sourceTree = "<group>"; };
		3CB2B3621E5DA46900B55DA5 /* View+MASAdditions.m */ = {isa = PBXFileReference; fileEncoding = 4; lastKnownFileType = sourcecode.c.objc; path = "View+MASAdditions.m"; sourceTree = "<group>"; };
		3CB2B3631E5DA46900B55DA5 /* View+MASShorthandAdditions.h */ = {isa = PBXFileReference; fileEncoding = 4; lastKnownFileType = sourcecode.c.h; path = "View+MASShorthandAdditions.h"; sourceTree = "<group>"; };
		3CB2B3641E5DA46900B55DA5 /* ViewController+MASAdditions.h */ = {isa = PBXFileReference; fileEncoding = 4; lastKnownFileType = sourcecode.c.h; path = "ViewController+MASAdditions.h"; sourceTree = "<group>"; };
		3CB2B3651E5DA46900B55DA5 /* ViewController+MASAdditions.m */ = {isa = PBXFileReference; fileEncoding = 4; lastKnownFileType = sourcecode.c.objc; path = "ViewController+MASAdditions.m"; sourceTree = "<group>"; };
/* End PBXFileReference section */

/* Begin PBXFrameworksBuildPhase section */
		3C4131C91E558BC700515AA8 /* Frameworks */ = {
			isa = PBXFrameworksBuildPhase;
			buildActionMask = 2147483647;
			files = (
			);
			runOnlyForDeploymentPostprocessing = 0;
		};
/* End PBXFrameworksBuildPhase section */

/* Begin PBXGroup section */
		3C4131C31E558BC700515AA8 = {
			isa = PBXGroup;
			children = (
				3C4131CE1E558BC700515AA8 /* KSTableView */,
				3C4131CD1E558BC700515AA8 /* Products */,
			);
			sourceTree = "<group>";
		};
		3C4131CD1E558BC700515AA8 /* Products */ = {
			isa = PBXGroup;
			children = (
				3C4131CC1E558BC700515AA8 /* KSTableView.app */,
			);
			name = Products;
			sourceTree = "<group>";
		};
		3C4131CE1E558BC700515AA8 /* KSTableView */ = {
			isa = PBXGroup;
			children = (
				3C4131D21E558BC700515AA8 /* AppDelegate.h */,
				3C4131D31E558BC700515AA8 /* AppDelegate.m */,
				3C71F7121E56D24400D3DB4E /* MainViewController.h */,
				3C71F7131E56D24400D3DB4E /* MainViewController.m */,
				3C71F7151E56D40400D3DB4E /* MainViewCell.h */,
				3C71F7161E56D40400D3DB4E /* MainViewCell.m */,
				3C71F7181E56DA2000D3DB4E /* KSTableView */,
				3CB2B3471E5D9FF400B55DA5 /* KSRedPacket */,
				3C4131D81E558BC700515AA8 /* Main.storyboard */,
				3C4131DB1E558BC700515AA8 /* Assets.xcassets */,
				3C4131DD1E558BC700515AA8 /* LaunchScreen.storyboard */,
				3C71F7271E56DA6800D3DB4E /* Supporting Files */,
			);
			path = KSTableView;
			sourceTree = "<group>";
		};
		3C71F7181E56DA2000D3DB4E /* KSTableView */ = {
			isa = PBXGroup;
			children = (
				3C71F7191E56DA2000D3DB4E /* KSTableView.h */,
				3C71F71A1E56DA2000D3DB4E /* KSTableView.m */,
				3C71F71B1E56DA2000D3DB4E /* KSTableViewCell.h */,
				3C71F71C1E56DA2000D3DB4E /* KSTableViewCell.m */,
				3C71F71D1E56DA2000D3DB4E /* KSTableViewController.h */,
				3C71F71E1E56DA2100D3DB4E /* KSTableViewController.m */,
			);
			path = KSTableView;
			sourceTree = "<group>";
		};
		3C71F7271E56DA6800D3DB4E /* Supporting Files */ = {
			isa = PBXGroup;
			children = (
				3CB2B34B1E5DA46900B55DA5 /* ThirdFramework */,
				3C71F7281E56DA6800D3DB4E /* Info.plist */,
				3C71F7291E56DA6800D3DB4E /* main.m */,
			);
			path = "Supporting Files";
			sourceTree = "<group>";
		};
		3CB2B3471E5D9FF400B55DA5 /* KSRedPacket */ = {
			isa = PBXGroup;
			children = (
				3CB2B3481E5DA00D00B55DA5 /* KSRedPacketController.h */,
				3CB2B3491E5DA00D00B55DA5 /* KSRedPacketController.m */,
			);
			path = KSRedPacket;
			sourceTree = "<group>";
		};
		3CB2B34B1E5DA46900B55DA5 /* ThirdFramework */ = {
			isa = PBXGroup;
			children = (
				3CB2B34C1E5DA46900B55DA5 /* Masonry */,
			);
			path = ThirdFramework;
			sourceTree = "<group>";
		};
		3CB2B34C1E5DA46900B55DA5 /* Masonry */ = {
			isa = PBXGroup;
			children = (
				3CB2B34D1E5DA46900B55DA5 /* MASCompositeConstraint.h */,
				3CB2B34E1E5DA46900B55DA5 /* MASCompositeConstraint.m */,
				3CB2B34F1E5DA46900B55DA5 /* MASConstraint+Private.h */,
				3CB2B3501E5DA46900B55DA5 /* MASConstraint.h */,
				3CB2B3511E5DA46900B55DA5 /* MASConstraint.m */,
				3CB2B3521E5DA46900B55DA5 /* MASConstraintMaker.h */,
				3CB2B3531E5DA46900B55DA5 /* MASConstraintMaker.m */,
				3CB2B3541E5DA46900B55DA5 /* MASLayoutConstraint.h */,
				3CB2B3551E5DA46900B55DA5 /* MASLayoutConstraint.m */,
				3CB2B3561E5DA46900B55DA5 /* Masonry.h */,
				3CB2B3571E5DA46900B55DA5 /* MASUtilities.h */,
				3CB2B3581E5DA46900B55DA5 /* MASViewAttribute.h */,
				3CB2B3591E5DA46900B55DA5 /* MASViewAttribute.m */,
				3CB2B35A1E5DA46900B55DA5 /* MASViewConstraint.h */,
				3CB2B35B1E5DA46900B55DA5 /* MASViewConstraint.m */,
				3CB2B35C1E5DA46900B55DA5 /* NSArray+MASAdditions.h */,
				3CB2B35D1E5DA46900B55DA5 /* NSArray+MASAdditions.m */,
				3CB2B35E1E5DA46900B55DA5 /* NSArray+MASShorthandAdditions.h */,
				3CB2B35F1E5DA46900B55DA5 /* NSLayoutConstraint+MASDebugAdditions.h */,
				3CB2B3601E5DA46900B55DA5 /* NSLayoutConstraint+MASDebugAdditions.m */,
				3CB2B3611E5DA46900B55DA5 /* View+MASAdditions.h */,
				3CB2B3621E5DA46900B55DA5 /* View+MASAdditions.m */,
				3CB2B3631E5DA46900B55DA5 /* View+MASShorthandAdditions.h */,
				3CB2B3641E5DA46900B55DA5 /* ViewController+MASAdditions.h */,
				3CB2B3651E5DA46900B55DA5 /* ViewController+MASAdditions.m */,
			);
			path = Masonry;
			sourceTree = "<group>";
		};
/* End PBXGroup section */

/* Begin PBXNativeTarget section */
		3C4131CB1E558BC700515AA8 /* KSTableView */ = {
			isa = PBXNativeTarget;
			buildConfigurationList = 3C4131E31E558BC700515AA8 /* Build configuration list for PBXNativeTarget "KSTableView" */;
			buildPhases = (
				3C4131C81E558BC700515AA8 /* Sources */,
				3C4131C91E558BC700515AA8 /* Frameworks */,
				3C4131CA1E558BC700515AA8 /* Resources */,
			);
			buildRules = (
			);
			dependencies = (
			);
			name = KSTableView;
			productName = KSTableView;
			productReference = 3C4131CC1E558BC700515AA8 /* KSTableView.app */;
			productType = "com.apple.product-type.application";
		};
/* End PBXNativeTarget section */

/* Begin PBXProject section */
		3C4131C41E558BC700515AA8 /* Project object */ = {
			isa = PBXProject;
			attributes = {
				LastUpgradeCheck = 0820;
				ORGANIZATIONNAME = xiaoshi;
				TargetAttributes = {
					3C4131CB1E558BC700515AA8 = {
						CreatedOnToolsVersion = 8.2;
						DevelopmentTeam = 9CJP9J82HZ;
						ProvisioningStyle = Automatic;
					};
				};
			};
			buildConfigurationList = 3C4131C71E558BC700515AA8 /* Build configuration list for PBXProject "KSTableView" */;
			compatibilityVersion = "Xcode 3.2";
			developmentRegion = English;
			hasScannedForEncodings = 0;
			knownRegions = (
				en,
				Base,
			);
			mainGroup = 3C4131C31E558BC700515AA8;
			productRefGroup = 3C4131CD1E558BC700515AA8 /* Products */;
			projectDirPath = "";
			projectRoot = "";
			targets = (
				3C4131CB1E558BC700515AA8 /* KSTableView */,
			);
		};
/* End PBXProject section */

/* Begin PBXResourcesBuildPhase section */
		3C4131CA1E558BC700515AA8 /* Resources */ = {
			isa = PBXResourcesBuildPhase;
			buildActionMask = 2147483647;
			files = (
				3C71F72A1E56DA6800D3DB4E /* Info.plist in Resources */,
				3C4131DF1E558BC700515AA8 /* LaunchScreen.storyboard in Resources */,
				3C4131DC1E558BC700515AA8 /* Assets.xcassets in Resources */,
				3C4131DA1E558BC700515AA8 /* Main.storyboard in Resources */,
			);
			runOnlyForDeploymentPostprocessing = 0;
		};
/* End PBXResourcesBuildPhase section */

/* Begin PBXSourcesBuildPhase section */
		3C4131C81E558BC700515AA8 /* Sources */ = {
			isa = PBXSourcesBuildPhase;
			buildActionMask = 2147483647;
			files = (
				3C71F7211E56DA2100D3DB4E /* KSTableViewController.m in Sources */,
				3C71F71F1E56DA2100D3DB4E /* KSTableView.m in Sources */,
				3CB2B36C1E5DA46900B55DA5 /* NSArray+MASAdditions.m in Sources */,
				3C71F7141E56D24400D3DB4E /* MainViewController.m in Sources */,
				3C71F7201E56DA2100D3DB4E /* KSTableViewCell.m in Sources */,
				3CB2B36E1E5DA46900B55DA5 /* View+MASAdditions.m in Sources */,
				3CB2B3691E5DA46900B55DA5 /* MASLayoutConstraint.m in Sources */,
				3CB2B3671E5DA46900B55DA5 /* MASConstraint.m in Sources */,
				3CB2B36D1E5DA46900B55DA5 /* NSLayoutConstraint+MASDebugAdditions.m in Sources */,
				3CB2B3661E5DA46900B55DA5 /* MASCompositeConstraint.m in Sources */,
				3C71F7171E56D40400D3DB4E /* MainViewCell.m in Sources */,
				3C71F72B1E56DA6800D3DB4E /* main.m in Sources */,
				3C4131D41E558BC700515AA8 /* AppDelegate.m in Sources */,
				3CB2B3681E5DA46900B55DA5 /* MASConstraintMaker.m in Sources */,
				3CB2B36F1E5DA46900B55DA5 /* ViewController+MASAdditions.m in Sources */,
				3CB2B36B1E5DA46900B55DA5 /* MASViewConstraint.m in Sources */,
				3CB2B34A1E5DA00D00B55DA5 /* KSRedPacketController.m in Sources */,
				3CB2B36A1E5DA46900B55DA5 /* MASViewAttribute.m in Sources */,
			);
			runOnlyForDeploymentPostprocessing = 0;
		};
/* End PBXSourcesBuildPhase section */

/* Begin PBXVariantGroup section */
		3C4131D81E558BC700515AA8 /* Main.storyboard */ = {
			isa = PBXVariantGroup;
			children = (
				3C4131D91E558BC700515AA8 /* Base */,
			);
			name = Main.storyboard;
			sourceTree = "<group>";
		};
		3C4131DD1E558BC700515AA8 /* LaunchScreen.storyboard */ = {
			isa = PBXVariantGroup;
			children = (
				3C4131DE1E558BC700515AA8 /* Base */,
			);
			name = LaunchScreen.storyboard;
			sourceTree = "<group>";
		};
/* End PBXVariantGroup section */

/* Begin XCBuildConfiguration section */
		3C4131E11E558BC700515AA8 /* Debug */ = {
			isa = XCBuildConfiguration;
			buildSettings = {
				ALWAYS_SEARCH_USER_PATHS = NO;
				CLANG_ANALYZER_NONNULL = YES;
				CLANG_CXX_LANGUAGE_STANDARD = "gnu++0x";
				CLANG_CXX_LIBRARY = "libc++";
				CLANG_ENABLE_MODULES = YES;
				CLANG_ENABLE_OBJC_ARC = YES;
				CLANG_WARN_BOOL_CONVERSION = YES;
				CLANG_WARN_CONSTANT_CONVERSION = YES;
				CLANG_WARN_DIRECT_OBJC_ISA_USAGE = YES_ERROR;
				CLANG_WARN_DOCUMENTATION_COMMENTS = YES;
				CLANG_WARN_EMPTY_BODY = YES;
				CLANG_WARN_ENUM_CONVERSION = YES;
				CLANG_WARN_INFINITE_RECURSION = YES;
				CLANG_WARN_INT_CONVERSION = YES;
				CLANG_WARN_OBJC_ROOT_CLASS = YES_ERROR;
				CLANG_WARN_SUSPICIOUS_MOVE = YES;
				CLANG_WARN_UNREACHABLE_CODE = YES;
				CLANG_WARN__DUPLICATE_METHOD_MATCH = YES;
				"CODE_SIGN_IDENTITY[sdk=iphoneos*]" = "iPhone Developer";
				COPY_PHASE_STRIP = NO;
				DEBUG_INFORMATION_FORMAT = dwarf;
				ENABLE_STRICT_OBJC_MSGSEND = YES;
				ENABLE_TESTABILITY = YES;
				GCC_C_LANGUAGE_STANDARD = gnu99;
				GCC_DYNAMIC_NO_PIC = NO;
				GCC_NO_COMMON_BLOCKS = YES;
				GCC_OPTIMIZATION_LEVEL = 0;
				GCC_PREPROCESSOR_DEFINITIONS = (
					"DEBUG=1",
					"$(inherited)",
				);
				GCC_WARN_64_TO_32_BIT_CONVERSION = YES;
				GCC_WARN_ABOUT_RETURN_TYPE = YES_ERROR;
				GCC_WARN_UNDECLARED_SELECTOR = YES;
				GCC_WARN_UNINITIALIZED_AUTOS = YES_AGGRESSIVE;
				GCC_WARN_UNUSED_FUNCTION = YES;
				GCC_WARN_UNUSED_VARIABLE = YES;
				IPHONEOS_DEPLOYMENT_TARGET = 10.2;
				MTL_ENABLE_DEBUG_INFO = YES;
				ONLY_ACTIVE_ARCH = YES;
				SDKROOT = iphoneos;
			};
			name = Debug;
		};
		3C4131E21E558BC700515AA8 /* Release */ = {
			isa = XCBuildConfiguration;
			buildSettings = {
				ALWAYS_SEARCH_USER_PATHS = NO;
				CLANG_ANALYZER_NONNULL = YES;
				CLANG_CXX_LANGUAGE_STANDARD = "gnu++0x";
				CLANG_CXX_LIBRARY = "libc++";
				CLANG_ENABLE_MODULES = YES;
				CLANG_ENABLE_OBJC_ARC = YES;
				CLANG_WARN_BOOL_CONVERSION = YES;
				CLANG_WARN_CONSTANT_CONVERSION = YES;
				CLANG_WARN_DIRECT_OBJC_ISA_USAGE = YES_ERROR;
				CLANG_WARN_DOCUMENTATION_COMMENTS = YES;
				CLANG_WARN_EMPTY_BODY = YES;
				CLANG_WARN_ENUM_CONVERSION = YES;
				CLANG_WARN_INFINITE_RECURSION = YES;
				CLANG_WARN_INT_CONVERSION = YES;
				CLANG_WARN_OBJC_ROOT_CLASS = YES_ERROR;
				CLANG_WARN_SUSPICIOUS_MOVE = YES;
				CLANG_WARN_UNREACHABLE_CODE = YES;
				CLANG_WARN__DUPLICATE_METHOD_MATCH = YES;
				"CODE_SIGN_IDENTITY[sdk=iphoneos*]" = "iPhone Developer";
				COPY_PHASE_STRIP = NO;
				DEBUG_INFORMATION_FORMAT = "dwarf-with-dsym";
				ENABLE_NS_ASSERTIONS = NO;
				ENABLE_STRICT_OBJC_MSGSEND = YES;
				GCC_C_LANGUAGE_STANDARD = gnu99;
				GCC_NO_COMMON_BLOCKS = YES;
				GCC_WARN_64_TO_32_BIT_CONVERSION = YES;
				GCC_WARN_ABOUT_RETURN_TYPE = YES_ERROR;
				GCC_WARN_UNDECLARED_SELECTOR = YES;
				GCC_WARN_UNINITIALIZED_AUTOS = YES_AGGRESSIVE;
				GCC_WARN_UNUSED_FUNCTION = YES;
				GCC_WARN_UNUSED_VARIABLE = YES;
				IPHONEOS_DEPLOYMENT_TARGET = 10.2;
				MTL_ENABLE_DEBUG_INFO = NO;
				SDKROOT = iphoneos;
				VALIDATE_PRODUCT = YES;
			};
			name = Release;
		};
		3C4131E41E558BC700515AA8 /* Debug */ = {
			isa = XCBuildConfiguration;
			buildSettings = {
				ASSETCATALOG_COMPILER_APPICON_NAME = AppIcon;
				DEVELOPMENT_TEAM = 9CJP9J82HZ;
				INFOPLIST_FILE = "$(SRCROOT)/KSTableView/Supporting Files/Info.plist";
				IPHONEOS_DEPLOYMENT_TARGET = 8.0;
				LD_RUNPATH_SEARCH_PATHS = "$(inherited) @executable_path/Frameworks";
				PRODUCT_BUNDLE_IDENTIFIER = com.KSTableView;
				PRODUCT_NAME = "$(TARGET_NAME)";
			};
			name = Debug;
		};
		3C4131E51E558BC700515AA8 /* Release */ = {
			isa = XCBuildConfiguration;
			buildSettings = {
				ASSETCATALOG_COMPILER_APPICON_NAME = AppIcon;
				DEVELOPMENT_TEAM = 9CJP9J82HZ;
				INFOPLIST_FILE = "$(SRCROOT)/KSTableView/Supporting Files/Info.plist";
				IPHONEOS_DEPLOYMENT_TARGET = 8.0;
				LD_RUNPATH_SEARCH_PATHS = "$(inherited) @executable_path/Frameworks";
				PRODUCT_BUNDLE_IDENTIFIER = com.KSTableView;
				PRODUCT_NAME = "$(TARGET_NAME)";
			};
			name = Release;
		};
/* End XCBuildConfiguration section */

/* Begin XCConfigurationList section */
		3C4131C71E558BC700515AA8 /* Build configuration list for PBXProject "KSTableView" */ = {
			isa = XCConfigurationList;
			buildConfigurations = (
				3C4131E11E558BC700515AA8 /* Debug */,
				3C4131E21E558BC700515AA8 /* Release */,
			);
			defaultConfigurationIsVisible = 0;
			defaultConfigurationName = Release;
		};
		3C4131E31E558BC700515AA8 /* Build configuration list for PBXNativeTarget "KSTableView" */ = {
			isa = XCConfigurationList;
			buildConfigurations = (
				3C4131E41E558BC700515AA8 /* Debug */,
				3C4131E51E558BC700515AA8 /* Release */,
			);
			defaultConfigurationIsVisible = 0;
			defaultConfigurationName = Release;
		};
/* End XCConfigurationList section */
	};
	rootObject = 3C4131C41E558BC700515AA8 /* Project object */;
}
